
Microsoft Visual Studio Solution File, Format Version 12.00
# Visual Studio Version 16
VisualStudioVersion = 16.0.30114.105
MinimumVisualStudioVersion = 10.0.40219.1
Project("{9A19103F-16F7-4668-BE54-9A1E7A4F7556}") = "Kongeleken.Client", "src\Kongeleken.Client\Kongeleken.Client.csproj", "{F52819D3-1A2C-438D-B5F0-64C212E7C397}"
EndProject
Project("{9A19103F-16F7-4668-BE54-9A1E7A4F7556}") = "Kongeleken.Server", "src\Kongeleken.Server\Kongeleken.Server.csproj", "{40B5B78C-A1E3-4BA2-B0D0-D70545935F64}"
EndProject
Project("{9A19103F-16F7-4668-BE54-9A1E7A4F7556}") = "Kongeleken.Shared", "src\Kongeleken.Shared\Kongeleken.Shared.csproj", "{A5090A21-EB42-4FDE-A27A-E8DA218EE8BA}"
EndProject
Project("{9A19103F-16F7-4668-BE54-9A1E7A4F7556}") = "Kongeleken.Tests", "src\Kongeleken.Tests\Kongeleken.Tests.csproj", "{C3DB90E9-A5CC-4B4E-BCA4-CD99655444AD}"
EndProject
Project("{2150E333-8FDC-42A3-9474-1A3956D46DE8}") = "Solution Items", "Solution Items", "{86B80D0B-501D-4ACD-825F-68F93C661CE8}"
	ProjectSection(SolutionItems) = preProject
		LICENSE = LICENSE
		README.md = README.md
	EndProjectSection
EndProject
Global
	GlobalSection(SolutionConfigurationPlatforms) = preSolution
		Debug|Any CPU = Debug|Any CPU
		Release|Any CPU = Release|Any CPU
	EndGlobalSection
	GlobalSection(ProjectConfigurationPlatforms) = postSolution
		{F52819D3-1A2C-438D-B5F0-64C212E7C397}.Debug|Any CPU.ActiveCfg = Debug|Any CPU
		{F52819D3-1A2C-438D-B5F0-64C212E7C397}.Debug|Any CPU.Build.0 = Debug|Any CPU
		{F52819D3-1A2C-438D-B5F0-64C212E7C397}.Release|Any CPU.ActiveCfg = Release|Any CPU
		{F52819D3-1A2C-438D-B5F0-64C212E7C397}.Release|Any CPU.Build.0 = Release|Any CPU
		{40B5B78C-A1E3-4BA2-B0D0-D70545935F64}.Debug|Any CPU.ActiveCfg = Debug|Any CPU
		{40B5B78C-A1E3-4BA2-B0D0-D70545935F64}.Debug|Any CPU.Build.0 = Debug|Any CPU
		{40B5B78C-A1E3-4BA2-B0D0-D70545935F64}.Release|Any CPU.ActiveCfg = Release|Any CPU
		{40B5B78C-A1E3-4BA2-B0D0-D70545935F64}.Release|Any CPU.Build.0 = Release|Any CPU
		{A5090A21-EB42-4FDE-A27A-E8DA218EE8BA}.Debug|Any CPU.ActiveCfg = Debug|Any CPU
		{A5090A21-EB42-4FDE-A27A-E8DA218EE8BA}.Debug|Any CPU.Build.0 = Debug|Any CPU
		{A5090A21-EB42-4FDE-A27A-E8DA218EE8BA}.Release|Any CPU.ActiveCfg = Release|Any CPU
		{A5090A21-EB42-4FDE-A27A-E8DA218EE8BA}.Release|Any CPU.Build.0 = Release|Any CPU
		{C3DB90E9-A5CC-4B4E-BCA4-CD99655444AD}.Debug|Any CPU.ActiveCfg = Debug|Any CPU
		{C3DB90E9-A5CC-4B4E-BCA4-CD99655444AD}.Debug|Any CPU.Build.0 = Debug|Any CPU
		{C3DB90E9-A5CC-4B4E-BCA4-CD99655444AD}.Release|Any CPU.ActiveCfg = Release|Any CPU
		{C3DB90E9-A5CC-4B4E-BCA4-CD99655444AD}.Release|Any CPU.Build.0 = Release|Any CPU
	EndGlobalSection
	GlobalSection(SolutionProperties) = preSolution
		HideSolutionNode = FALSE
	EndGlobalSection
	GlobalSection(ExtensibilityGlobals) = postSolution
		SolutionGuid = {1C87AD05-2611-42B1-A423-A47D0B66F511}
	EndGlobalSection
EndGlobal
